{
  "name": "lyon-gtfs-etl",
  "version": "1.0.0",
  "lockfileVersion": 3,
  "requires": true,
  "packages": {
    "": {
      "name": "lyon-gtfs-etl",
      "version": "1.0.0",
      "dependencies": {
        "adm-zip": "^0.5.16",
        "csv-parse": "^5.6.0"
      },
      "engines": {
        "node": ">=20"
      }
    },
    "node_modules/adm-zip": {
      "version": "0.5.18",
      "resolved": "https://registry.npmjs.org/adm-zip/-/adm-zip-0.5.18.tgz",
      "integrity": "sha512-ufJnssQGbxzLNS1Ho9bCtX4rQKCCvoVuDLHoJyc3F9dOGDB4BkWs2Ci0kv53lqocAEQ/Cbi+I2XCsNYGqVYqng==",
      "license": "MIT",
      "engines": {
        "node": ">=12.0"
      }
    },
    "node_modules/csv-parse": {
      "version": "5.6.0",
      "resolved": "https://registry.npmjs.org/csv-parse/-/csv-parse-5.6.0.tgz",
      "integrity": "sha512-l3nz3euub2QMg5ouu5U09Ew9Wf6/wQ8I++ch1loQ0ljmzhmfZYrH9fflS22i/PQEvsPvxCwxgz5q7UB8K1JO4Q==",
      "license": "MIT"
    }
  }
}
